
Microsoft Visual Studio Solution File, Format Version 12.00
# Visual Studio Version 17
VisualStudioVersion = 17.11.35327.3
MinimumVisualStudioVersion = 10.0.40219.1
Project("{FAE04EC0-301F-11D3-BF4B-00C04F79EFBC}") = "BTTCGuildApp", "BTTCGuildApp\BTTCGuildApp.csproj", "{C49BBB5E-B930-404F-8361-5D5C3E88DF59}"
EndProject
Global
	GlobalSection(SolutionConfigurationPlatforms) = preSolution
		Debug|Any CPU = Debug|Any CPU
		Release|Any CPU = Release|Any CPU
	EndGlobalSection
	GlobalSection(ProjectConfigurationPlatforms) = postSolution
		{C49BBB5E-B930-404F-8361-5D5C3E88DF59}.Debug|Any CPU.ActiveCfg = Debug|Any CPU
		{C49BBB5E-B930-404F-8361-5D5C3E88DF59}.Debug|Any CPU.Build.0 = Debug|Any CPU
		{C49BBB5E-B930-404F-8361-5D5C3E88DF59}.Release|Any CPU.ActiveCfg = Release|Any CPU
		{C49BBB5E-B930-404F-8361-5D5C3E88DF59}.Release|Any CPU.Build.0 = Release|Any CPU
	EndGlobalSection
	GlobalSection(SolutionProperties) = preSolution
		HideSolutionNode = FALSE
	EndGlobalSection
	GlobalSection(ExtensibilityGlobals) = postSolution
		SolutionGuid = {8BA9BB65-7778-4BF6-BDFB-BED18144DF3F}
	EndGlobalSection
EndGlobal
